
Microsoft Visual Studio Solution File, Format Version 12.00
# Visual Studio Version 17
VisualStudioVersion = 17.5.002.0
MinimumVisualStudioVersion = 10.0.40219.1
Project("{2150E333-8FDC-42A3-9474-1A3956D46DE8}") = "src", "src", "{28A32A77-5C1F-4484-B5DA-185BF50DE26B}"
EndProject
Project("{9A19103F-16F7-4668-BE54-9A1E7A4F7556}") = "MicroServices.Service", "src\MicroServices.Service\MicroServices.Service.csproj", "{52D3D8DB-E420-4716-B3A3-50F604883761}"
EndProject
Global
	GlobalSection(SolutionConfigurationPlatforms) = preSolution
		Debug|Any CPU = Debug|Any CPU
		Release|Any CPU = Release|Any CPU
	EndGlobalSection
	GlobalSection(ProjectConfigurationPlatforms) = postSolution
		{52D3D8DB-E420-4716-B3A3-50F604883761}.Debug|Any CPU.ActiveCfg = Debug|Any CPU
		{52D3D8DB-E420-4716-B3A3-50F604883761}.Debug|Any CPU.Build.0 = Debug|Any CPU
		{52D3D8DB-E420-4716-B3A3-50F604883761}.Release|Any CPU.ActiveCfg = Release|Any CPU
		{52D3D8DB-E420-4716-B3A3-50F604883761}.Release|Any CPU.Build.0 = Release|Any CPU
	EndGlobalSection
	GlobalSection(SolutionProperties) = preSolution
		HideSolutionNode = FALSE
	EndGlobalSection
	GlobalSection(NestedProjects) = preSolution
		{52D3D8DB-E420-4716-B3A3-50F604883761} = {28A32A77-5C1F-4484-B5DA-185BF50DE26B}
	EndGlobalSection
	GlobalSection(ExtensibilityGlobals) = postSolution
		SolutionGuid = {A970EBA1-6EE7-40EA-9F7B-F720B9939EF1}
	EndGlobalSection
EndGlobal
