
Microsoft Visual Studio Solution File, Format Version 12.00
# Visual Studio Version 17
VisualStudioVersion = 17.5.002.0
MinimumVisualStudioVersion = 10.0.40219.1
Project("{2150E333-8FDC-42A3-9474-1A3956D46DE8}") = "src", "src", "{F279A08A-AD98-44A2-90A6-DE7E1E8BC64C}"
EndProject
Project("{9A19103F-16F7-4668-BE54-9A1E7A4F7556}") = "Services.Inventory", "src\Services.Inventory\Services.Inventory.csproj", "{2F0F5FA5-ABEC-436D-9267-D349C44289CA}"
EndProject
Global
	GlobalSection(SolutionConfigurationPlatforms) = preSolution
		Debug|Any CPU = Debug|Any CPU
		Release|Any CPU = Release|Any CPU
	EndGlobalSection
	GlobalSection(ProjectConfigurationPlatforms) = postSolution
		{2F0F5FA5-ABEC-436D-9267-D349C44289CA}.Debug|Any CPU.ActiveCfg = Debug|Any CPU
		{2F0F5FA5-ABEC-436D-9267-D349C44289CA}.Debug|Any CPU.Build.0 = Debug|Any CPU
		{2F0F5FA5-ABEC-436D-9267-D349C44289CA}.Release|Any CPU.ActiveCfg = Release|Any CPU
		{2F0F5FA5-ABEC-436D-9267-D349C44289CA}.Release|Any CPU.Build.0 = Release|Any CPU
	EndGlobalSection
	GlobalSection(SolutionProperties) = preSolution
		HideSolutionNode = FALSE
	EndGlobalSection
	GlobalSection(NestedProjects) = preSolution
		{2F0F5FA5-ABEC-436D-9267-D349C44289CA} = {F279A08A-AD98-44A2-90A6-DE7E1E8BC64C}
	EndGlobalSection
	GlobalSection(ExtensibilityGlobals) = postSolution
		SolutionGuid = {402648E9-8811-411B-BF05-DDC3716D04C0}
	EndGlobalSection
EndGlobal
